
Microsoft Visual Studio Solution File, Format Version 12.00
# Visual Studio Version 17
VisualStudioVersion = 17.12.35514.174 d17.12
MinimumVisualStudioVersion = 10.0.40219.1
Project("{FAE04EC0-301F-11D3-BF4B-00C04F79EFBC}") = "Entities", "Entities\Entities.csproj", "{C5156B72-85EC-4F5D-8360-50DD848AA060}"
EndProject
Project("{FAE04EC0-301F-11D3-BF4B-00C04F79EFBC}") = "DAL", "DAL\DAL.csproj", "{F9DB71F3-0642-4F0F-AA27-3E98E2B3984B}"
EndProject
Project("{FAE04EC0-301F-11D3-BF4B-00C04F79EFBC}") = "BLL", "BLL\BLL.csproj", "{12A749EA-C1ED-447D-AE67-E5FC01683992}"
EndProject
Project("{FAE04EC0-301F-11D3-BF4B-00C04F79EFBC}") = "Test", "Test\Test.csproj", "{92FE6E1F-0DDD-4FE8-8873-418977C2D275}"
EndProject
Project("{FAE04EC0-301F-11D3-BF4B-00C04F79EFBC}") = "SOAPServices", "SOAPServices\SOAPServices.csproj", "{4ED08CB4-0D83-4498-8239-5834F1DD93B8}"
EndProject
Global
	GlobalSection(SolutionConfigurationPlatforms) = preSolution
		Debug|Any CPU = Debug|Any CPU
		Release|Any CPU = Release|Any CPU
	EndGlobalSection
	GlobalSection(ProjectConfigurationPlatforms) = postSolution
		{C5156B72-85EC-4F5D-8360-50DD848AA060}.Debug|Any CPU.ActiveCfg = Debug|Any CPU
		{C5156B72-85EC-4F5D-8360-50DD848AA060}.Debug|Any CPU.Build.0 = Debug|Any CPU
		{C5156B72-85EC-4F5D-8360-50DD848AA060}.Release|Any CPU.ActiveCfg = Release|Any CPU
		{C5156B72-85EC-4F5D-8360-50DD848AA060}.Release|Any CPU.Build.0 = Release|Any CPU
		{F9DB71F3-0642-4F0F-AA27-3E98E2B3984B}.Debug|Any CPU.ActiveCfg = Debug|Any CPU
		{F9DB71F3-0642-4F0F-AA27-3E98E2B3984B}.Debug|Any CPU.Build.0 = Debug|Any CPU
		{F9DB71F3-0642-4F0F-AA27-3E98E2B3984B}.Release|Any CPU.ActiveCfg = Release|Any CPU
		{F9DB71F3-0642-4F0F-AA27-3E98E2B3984B}.Release|Any CPU.Build.0 = Release|Any CPU
		{12A749EA-C1ED-447D-AE67-E5FC01683992}.Debug|Any CPU.ActiveCfg = Debug|Any CPU
		{12A749EA-C1ED-447D-AE67-E5FC01683992}.Debug|Any CPU.Build.0 = Debug|Any CPU
		{12A749EA-C1ED-447D-AE67-E5FC01683992}.Release|Any CPU.ActiveCfg = Release|Any CPU
		{12A749EA-C1ED-447D-AE67-E5FC01683992}.Release|Any CPU.Build.0 = Release|Any CPU
		{92FE6E1F-0DDD-4FE8-8873-418977C2D275}.Debug|Any CPU.ActiveCfg = Debug|Any CPU
		{92FE6E1F-0DDD-4FE8-8873-418977C2D275}.Debug|Any CPU.Build.0 = Debug|Any CPU
		{92FE6E1F-0DDD-4FE8-8873-418977C2D275}.Release|Any CPU.ActiveCfg = Release|Any CPU
		{92FE6E1F-0DDD-4FE8-8873-418977C2D275}.Release|Any CPU.Build.0 = Release|Any CPU
		{4ED08CB4-0D83-4498-8239-5834F1DD93B8}.Debug|Any CPU.ActiveCfg = Debug|Any CPU
		{4ED08CB4-0D83-4498-8239-5834F1DD93B8}.Debug|Any CPU.Build.0 = Debug|Any CPU
		{4ED08CB4-0D83-4498-8239-5834F1DD93B8}.Release|Any CPU.ActiveCfg = Release|Any CPU
		{4ED08CB4-0D83-4498-8239-5834F1DD93B8}.Release|Any CPU.Build.0 = Release|Any CPU
	EndGlobalSection
	GlobalSection(SolutionProperties) = preSolution
		HideSolutionNode = FALSE
	EndGlobalSection
EndGlobal
